// !$*UTF8*$!
{
	archiveVersion = 1;
	classes = {
	};
	objectVersion = 46;
	objects = {

/* Begin PBXBuildFile section */
		87149EDA166FACF800D92227 /* Shader.m in Sources */ = {isa = PBXBuildFile; fileRef = 87149ED9166FACF800D92227 /* Shader.m */; };
		87149EE1166FAEEF00D92227 /* ShaderManager.m in Sources */ = {isa = PBXBuildFile; fileRef = 87149EE0166FAEEF00D92227 /* ShaderManager.m */; };
		87149EE3166FB01100D92227 /* shaders.json in Resources */ = {isa = PBXBuildFile; fileRef = 87149EE2166FB01100D92227 /* shaders.json */; };
		87149EE6166FB2D200D92227 /* BasicVertex.glsl in Resources */ = {isa = PBXBuildFile; fileRef = 87149EE5166FB2D200D92227 /* BasicVertex.glsl */; };
		87149EE9166FB56B00D92227 /* BasicFragment.glsl in Resources */ = {isa = PBXBuildFile; fileRef = 87149EE8166FB56B00D92227 /* BasicFragment.glsl */; };
		87149EEC166FB90600D92227 /* ShaderProgram.m in Sources */ = {isa = PBXBuildFile; fileRef = 87149EEB166FB90600D92227 /* ShaderProgram.m */; };
		87149EEE166FB9B900D92227 /* programs.json in Resources */ = {isa = PBXBuildFile; fileRef = 87149EED166FB9B900D92227 /* programs.json */; };
		8787EC19166523A0000C07E1 /* SpriteManager.m in Sources */ = {isa = PBXBuildFile; fileRef = 8787EC18166523A0000C07E1 /* SpriteManager.m */; };
		8787EC1B16652664000C07E1 /* sprites.json in Resources */ = {isa = PBXBuildFile; fileRef = 8787EC1A16652664000C07E1 /* sprites.json */; };
		87E4195F16652E7600336F3A /* SceneNode.m in Sources */ = {isa = PBXBuildFile; fileRef = 87E4195E16652E7600336F3A /* SceneNode.m */; };
		87E41981166677DE00336F3A /* healthgradient2.png in Resources */ = {isa = PBXBuildFile; fileRef = 87E41980166677DE00336F3A /* healthgradient2.png */; };
		A317B9CA1669CFBF00B5D78E /* Pathfinder.m in Sources */ = {isa = PBXBuildFile; fileRef = A317B9C91669CFBF00B5D78E /* Pathfinder.m */; };
		A3541B3A16681116004531C1 /* MapNode.m in Sources */ = {isa = PBXBuildFile; fileRef = A3541B3916681116004531C1 /* MapNode.m */; };
		A374CB1D166E64DB00286090 /* SenTestingKit.framework in Frameworks */ = {isa = PBXBuildFile; fileRef = A3BD0CB51642EC8B007AEB08 /* SenTestingKit.framework */; };
		A374CB1E166E64DB00286090 /* UIKit.framework in Frameworks */ = {isa = PBXBuildFile; fileRef = A3BD0C971642EC8B007AEB08 /* UIKit.framework */; };
		A374CB1F166E64DB00286090 /* Foundation.framework in Frameworks */ = {isa = PBXBuildFile; fileRef = A3BD0C991642EC8B007AEB08 /* Foundation.framework */; };
		A374CB25166E64DB00286090 /* InfoPlist.strings in Resources */ = {isa = PBXBuildFile; fileRef = A374CB23166E64DB00286090 /* InfoPlist.strings */; };
		A374CB3D166E685A00286090 /* PathfinderSpec.m in Sources */ = {isa = PBXBuildFile; fileRef = A374CB3C166E685A00286090 /* PathfinderSpec.m */; };
		A374CB3F166E6ABE00286090 /* libPods-KiwiUnitTest.a in Frameworks */ = {isa = PBXBuildFile; fileRef = A374CB3E166E6ABE00286090 /* libPods-KiwiUnitTest.a */; };
		A3789880166E9F1F009C13EE /* MapGridSpec.m in Sources */ = {isa = PBXBuildFile; fileRef = A378987F166E9F1F009C13EE /* MapGridSpec.m */; };
		A37E594216652BC90061E425 /* UnitCollider.m in Sources */ = {isa = PBXBuildFile; fileRef = A37E594116652BC90061E425 /* UnitCollider.m */; };
		A37E59451665314C0061E425 /* ASFloat.m in Sources */ = {isa = PBXBuildFile; fileRef = A37E59441665314C0061E425 /* ASFloat.m */; };
		A37E595C166550320061E425 /* SelectionSystem.m in Sources */ = {isa = PBXBuildFile; fileRef = A37E595B166550320061E425 /* SelectionSystem.m */; };
		A3BD0C981642EC8B007AEB08 /* UIKit.framework in Frameworks */ = {isa = PBXBuildFile; fileRef = A3BD0C971642EC8B007AEB08 /* UIKit.framework */; };
		A3BD0C9A1642EC8B007AEB08 /* Foundation.framework in Frameworks */ = {isa = PBXBuildFile; fileRef = A3BD0C991642EC8B007AEB08 /* Foundation.framework */; };
		A3BD0C9C1642EC8B007AEB08 /* CoreGraphics.framework in Frameworks */ = {isa = PBXBuildFile; fileRef = A3BD0C9B1642EC8B007AEB08 /* CoreGraphics.framework */; };
		A3BD0CEF16461496007AEB08 /* OpenGLES.framework in Frameworks */ = {isa = PBXBuildFile; fileRef = A3BD0CEE16461496007AEB08 /* OpenGLES.framework */; };
		A3BD0CF1164614B7007AEB08 /* GLKit.framework in Frameworks */ = {isa = PBXBuildFile; fileRef = A3BD0CF0164614B7007AEB08 /* GLKit.framework */; };
		A3EE231C16680E0E00E4CB9D /* MapGrid.m in Sources */ = {isa = PBXBuildFile; fileRef = A3EE231B16680E0E00E4CB9D /* MapGrid.m */; };
		A3F41EE2166D2B7500C966AD /* PathfindingSystem.m in Sources */ = {isa = PBXBuildFile; fileRef = A3F41EE1166D2B7500C966AD /* PathfindingSystem.m */; };
		A3F41EE9166D547300C966AD /* Pathfinding.m in Sources */ = {isa = PBXBuildFile; fileRef = A3F41EE8166D547300C966AD /* Pathfinding.m */; };
		A3F8B076166465A700334E9E /* AppDelegate.m in Sources */ = {isa = PBXBuildFile; fileRef = A3F8B02D166465A700334E9E /* AppDelegate.m */; };
		A3F8B077166465A700334E9E /* Default-568h@2x.png in Resources */ = {isa = PBXBuildFile; fileRef = A3F8B02F166465A700334E9E /* Default-568h@2x.png */; };
		A3F8B078166465A700334E9E /* Default.png in Resources */ = {isa = PBXBuildFile; fileRef = A3F8B030166465A700334E9E /* Default.png */; };
		A3F8B079166465A700334E9E /* Default@2x.png in Resources */ = {isa = PBXBuildFile; fileRef = A3F8B031166465A700334E9E /* Default@2x.png */; };
		A3F8B07A166465A700334E9E /* entities.json in Resources */ = {isa = PBXBuildFile; fileRef = A3F8B032166465A700334E9E /* entities.json */; };
		A3F8B07B166465A700334E9E /* healthgradient.png in Resources */ = {isa = PBXBuildFile; fileRef = A3F8B033166465A700334E9E /* healthgradient.png */; };
		A3F8B07C166465A700334E9E /* map.png in Resources */ = {isa = PBXBuildFile; fileRef = A3F8B034166465A700334E9E /* map.png */; };
		A3F8B07D166465A700334E9E /* map2.png in Resources */ = {isa = PBXBuildFile; fileRef = A3F8B035166465A700334E9E /* map2.png */; };
		A3F8B07E166465A700334E9E /* player.png in Resources */ = {isa = PBXBuildFile; fileRef = A3F8B036166465A700334E9E /* player.png */; };
		A3F8B07F166465A700334E9E /* snowball-small.png in Resources */ = {isa = PBXBuildFile; fileRef = A3F8B037166465A700334E9E /* snowball-small.png */; };
		A3F8B080166465A700334E9E /* snowball.png in Resources */ = {isa = PBXBuildFile; fileRef = A3F8B038166465A700334E9E /* snowball.png */; };
		A3F8B081166465A700334E9E /* sprite2.png in Resources */ = {isa = PBXBuildFile; fileRef = A3F8B039166465A700334E9E /* sprite2.png */; };
		A3F8B082166465A700334E9E /* wpaper.jpg in Resources */ = {isa = PBXBuildFile; fileRef = A3F8B03A166465A700334E9E /* wpaper.jpg */; };
		A3F8B083166465A700334E9E /* Behavior.m in Sources */ = {isa = PBXBuildFile; fileRef = A3F8B03D166465A700334E9E /* Behavior.m */; };
		A3F8B084166465A700334E9E /* LeftPlayer.m in Sources */ = {isa = PBXBuildFile; fileRef = A3F8B03F166465A700334E9E /* LeftPlayer.m */; };
		A3F8B085166465A700334E9E /* Sphere.m in Sources */ = {isa = PBXBuildFile; fileRef = A3F8B041166465A700334E9E /* Sphere.m */; };
		A3F8B086166465A700334E9E /* Camera.m in Sources */ = {isa = PBXBuildFile; fileRef = A3F8B043166465A700334E9E /* Camera.m */; };
		A3F8B087166465A700334E9E /* Attack.m in Sources */ = {isa = PBXBuildFile; fileRef = A3F8B046166465A700334E9E /* Attack.m */; };
		A3F8B088166465A700334E9E /* Collision.m in Sources */ = {isa = PBXBuildFile; fileRef = A3F8B048166465A700334E9E /* Collision.m */; };
		A3F8B089166465A700334E9E /* Component.m in Sources */ = {isa = PBXBuildFile; fileRef = A3F8B04A166465A700334E9E /* Component.m */; };
		A3F8B08A166465A700334E9E /* Health.m in Sources */ = {isa = PBXBuildFile; fileRef = A3F8B04C166465A700334E9E /* Health.m */; };
		A3F8B08B166465A700334E9E /* Physics.m in Sources */ = {isa = PBXBuildFile; fileRef = A3F8B04E166465A700334E9E /* Physics.m */; };
		A3F8B08C166465A700334E9E /* Projectile.m in Sources */ = {isa = PBXBuildFile; fileRef = A3F8B050166465A700334E9E /* Projectile.m */; };
		A3F8B08D166465A700334E9E /* SceneGraph.m in Sources */ = {isa = PBXBuildFile; fileRef = A3F8B052166465A700334E9E /* SceneGraph.m */; };
		A3F8B08E166465A700334E9E /* Selectable.m in Sources */ = {isa = PBXBuildFile; fileRef = A3F8B054166465A700334E9E /* Selectable.m */; };
		A3F8B08F166465A700334E9E /* StandardCollider.m in Sources */ = {isa = PBXBuildFile; fileRef = A3F8B056166465A700334E9E /* StandardCollider.m */; };
		A3F8B090166465A700334E9E /* Team.m in Sources */ = {isa = PBXBuildFile; fileRef = A3F8B058166465A700334E9E /* Team.m */; };
		A3F8B091166465A700334E9E /* Transform.m in Sources */ = {isa = PBXBuildFile; fileRef = A3F8B05A166465A700334E9E /* Transform.m */; };
		A3F8B092166465A700334E9E /* ViewController.m in Sources */ = {isa = PBXBuildFile; fileRef = A3F8B05D166465A700334E9E /* ViewController.m */; };
		A3F8B093166465A700334E9E /* Entity.m in Sources */ = {isa = PBXBuildFile; fileRef = A3F8B05F166465A700334E9E /* Entity.m */; };
		A3F8B094166465A700334E9E /* EntityManager.m in Sources */ = {isa = PBXBuildFile; fileRef = A3F8B061166465A700334E9E /* EntityManager.m */; };
		A3F8B095166465A700334E9E /* Game.m in Sources */ = {isa = PBXBuildFile; fileRef = A3F8B063166465A700334E9E /* Game.m */; };
		A3F8B096166465A700334E9E /* main.m in Sources */ = {isa = PBXBuildFile; fileRef = A3F8B064166465A700334E9E /* main.m */; };
		A3F8B097166465A700334E9E /* Sprite.m in Sources */ = {isa = PBXBuildFile; fileRef = A3F8B066166465A700334E9E /* Sprite.m */; };
		A3F8B098166465A700334E9E /* InfoPlist.strings in Resources */ = {isa = PBXBuildFile; fileRef = A3F8B068166465A700334E9E /* InfoPlist.strings */; };
		A3F8B09A166465A700334E9E /* CollisionSystem.m in Sources */ = {isa = PBXBuildFile; fileRef = A3F8B06E166465A700334E9E /* CollisionSystem.m */; };
		A3F8B09B166465A700334E9E /* InputSystem.m in Sources */ = {isa = PBXBuildFile; fileRef = A3F8B070166465A700334E9E /* InputSystem.m */; };
		A3F8B09C166465A700334E9E /* RenderSystem.m in Sources */ = {isa = PBXBuildFile; fileRef = A3F8B072166465A700334E9E /* RenderSystem.m */; };
		A3F8B09D166465A700334E9E /* Quadtree.m in Sources */ = {isa = PBXBuildFile; fileRef = A3F8B075166465A700334E9E /* Quadtree.m */; };
/* End PBXBuildFile section */

/* Begin PBXFileReference section */
		87149ED2166FAB8100D92227 /* SnoBros2.app */ = {isa = PBXFileReference; explicitFileType = wrapper.application; includeInIndex = 0; name = SnoBros2.app; path = "/Users/tsinha/src/iOS/SnoBros2/build/Debug-iphoneos/SnoBros2.app"; sourceTree = "<absolute>"; };
		87149ED4166FAB8100D92227 /* SnoBros2Tests.octest */ = {isa = PBXFileReference; explicitFileType = wrapper.cfbundle; includeInIndex = 0; name = SnoBros2Tests.octest; path = "/Users/tsinha/src/iOS/SnoBros2/build/Debug-iphoneos/SnoBros2Tests.octest"; sourceTree = "<absolute>"; };
		87149ED5166FAB8100D92227 /* KiwiUnitTest.octest */ = {isa = PBXFileReference; explicitFileType = wrapper.cfbundle; includeInIndex = 0; name = KiwiUnitTest.octest; path = "/Users/tsinha/src/iOS/SnoBros2/build/Debug-iphoneos/KiwiUnitTest.octest"; sourceTree = "<absolute>"; };
		87149ED8166FACF800D92227 /* Shader.h */ = {isa = PBXFileReference; fileEncoding = 4; lastKnownFileType = sourcecode.c.h; name = Shader.h; path = Shaders/Shader.h; sourceTree = "<group>"; };
		87149ED9166FACF800D92227 /* Shader.m */ = {isa = PBXFileReference; fileEncoding = 4; lastKnownFileType = sourcecode.c.objc; name = Shader.m; path = Shaders/Shader.m; sourceTree = "<group>"; };
		87149EDF166FAEEF00D92227 /* ShaderManager.h */ = {isa = PBXFileReference; fileEncoding = 4; lastKnownFileType = sourcecode.c.h; name = ShaderManager.h; path = Shaders/ShaderManager.h; sourceTree = "<group>"; };
		87149EE0166FAEEF00D92227 /* ShaderManager.m */ = {isa = PBXFileReference; fileEncoding = 4; lastKnownFileType = sourcecode.c.objc; name = ShaderManager.m; path = Shaders/ShaderManager.m; sourceTree = "<group>"; };
		87149EE2166FB01100D92227 /* shaders.json */ = {isa = PBXFileReference; fileEncoding = 4; lastKnownFileType = text.json; path = shaders.json; sourceTree = "<group>"; };
		87149EE5166FB2D200D92227 /* BasicVertex.glsl */ = {isa = PBXFileReference; fileEncoding = 4; lastKnownFileType = text; name = BasicVertex.glsl; path = Shaders/Vertex/BasicVertex.glsl; sourceTree = "<group>"; };
		87149EE8166FB56B00D92227 /* BasicFragment.glsl */ = {isa = PBXFileReference; fileEncoding = 4; lastKnownFileType = text; name = BasicFragment.glsl; path = Shaders/Fragment/BasicFragment.glsl; sourceTree = "<group>"; };
		87149EEA166FB90600D92227 /* ShaderProgram.h */ = {isa = PBXFileReference; fileEncoding = 4; lastKnownFileType = sourcecode.c.h; path = ShaderProgram.h; sourceTree = "<group>"; };
		87149EEB166FB90600D92227 /* ShaderProgram.m */ = {isa = PBXFileReference; fileEncoding = 4; lastKnownFileType = sourcecode.c.objc; path = ShaderProgram.m; sourceTree = "<group>"; };
		87149EED166FB9B900D92227 /* programs.json */ = {isa = PBXFileReference; fileEncoding = 4; lastKnownFileType = text.json; path = programs.json; sourceTree = "<group>"; };
		8787EC17166523A0000C07E1 /* SpriteManager.h */ = {isa = PBXFileReference; fileEncoding = 4; lastKnownFileType = sourcecode.c.h; name = SpriteManager.h; path = Managers/SpriteManager.h; sourceTree = "<group>"; };
		8787EC18166523A0000C07E1 /* SpriteManager.m */ = {isa = PBXFileReference; fileEncoding = 4; lastKnownFileType = sourcecode.c.objc; name = SpriteManager.m; path = Managers/SpriteManager.m; sourceTree = "<group>"; };
		8787EC1A16652664000C07E1 /* sprites.json */ = {isa = PBXFileReference; fileEncoding = 4; lastKnownFileType = text.json; path = sprites.json; sourceTree = "<group>"; };
		87E4195D16652E7600336F3A /* SceneNode.h */ = {isa = PBXFileReference; fileEncoding = 4; lastKnownFileType = sourcecode.c.h; path = SceneNode.h; sourceTree = "<group>"; };
		87E4195E16652E7600336F3A /* SceneNode.m */ = {isa = PBXFileReference; fileEncoding = 4; lastKnownFileType = sourcecode.c.objc; path = SceneNode.m; sourceTree = "<group>"; };
		87E41980166677DE00336F3A /* healthgradient2.png */ = {isa = PBXFileReference; lastKnownFileType = image.png; path = healthgradient2.png; sourceTree = "<group>"; };
		8D5B5125E23F4A65A7F3A265 /* Pods-KiwiUnitTest.xcconfig */ = {isa = PBXFileReference; includeInIndex = 1; lastKnownFileType = text.xcconfig; name = "Pods-KiwiUnitTest.xcconfig"; path = "Pods/Pods-KiwiUnitTest.xcconfig"; sourceTree = SOURCE_ROOT; };
		A317B9C81669CFBF00B5D78E /* Pathfinder.h */ = {isa = PBXFileReference; fileEncoding = 4; lastKnownFileType = sourcecode.c.h; path = Pathfinder.h; sourceTree = "<group>"; };
		A317B9C91669CFBF00B5D78E /* Pathfinder.m */ = {isa = PBXFileReference; fileEncoding = 4; lastKnownFileType = sourcecode.c.objc; path = Pathfinder.m; sourceTree = "<group>"; };
		A3541B3816681116004531C1 /* MapNode.h */ = {isa = PBXFileReference; fileEncoding = 4; lastKnownFileType = sourcecode.c.h; path = MapNode.h; sourceTree = "<group>"; };
		A3541B3916681116004531C1 /* MapNode.m */ = {isa = PBXFileReference; fileEncoding = 4; lastKnownFileType = sourcecode.c.objc; path = MapNode.m; sourceTree = "<group>"; };
		A374CB22166E64DB00286090 /* KiwiUnitTest-Info.plist */ = {isa = PBXFileReference; lastKnownFileType = text.plist.xml; path = "KiwiUnitTest-Info.plist"; sourceTree = "<group>"; };
		A374CB24166E64DB00286090 /* en */ = {isa = PBXFileReference; lastKnownFileType = text.plist.strings; name = en; path = en.lproj/InfoPlist.strings; sourceTree = "<group>"; };
		A374CB29166E64DB00286090 /* KiwiUnitTest-Prefix.pch */ = {isa = PBXFileReference; lastKnownFileType = sourcecode.c.h; path = "KiwiUnitTest-Prefix.pch"; sourceTree = "<group>"; };
		A374CB3C166E685A00286090 /* PathfinderSpec.m */ = {isa = PBXFileReference; fileEncoding = 4; lastKnownFileType = sourcecode.c.objc; path = PathfinderSpec.m; sourceTree = "<group>"; };
		A374CB3E166E6ABE00286090 /* libPods-KiwiUnitTest.a */ = {isa = PBXFileReference; lastKnownFileType = archive.ar; name = "libPods-KiwiUnitTest.a"; path = "../Pods/build/Release-iphoneos/libPods-KiwiUnitTest.a"; sourceTree = "<group>"; };
		A3789879166E9ECE009C13EE /* SnoBros2.app */ = {isa = PBXFileReference; explicitFileType = wrapper.application; includeInIndex = 0; path = SnoBros2.app; sourceTree = BUILT_PRODUCTS_DIR; };
		A378987B166E9ECE009C13EE /* KiwiUnitTest.octest */ = {isa = PBXFileReference; explicitFileType = wrapper.cfbundle; includeInIndex = 0; path = KiwiUnitTest.octest; sourceTree = BUILT_PRODUCTS_DIR; };
		A378987F166E9F1F009C13EE /* MapGridSpec.m */ = {isa = PBXFileReference; fileEncoding = 4; lastKnownFileType = sourcecode.c.objc; path = MapGridSpec.m; sourceTree = "<group>"; };
		A37E594016652BC90061E425 /* UnitCollider.h */ = {isa = PBXFileReference; fileEncoding = 4; lastKnownFileType = sourcecode.c.h; path = UnitCollider.h; sourceTree = "<group>"; };
		A37E594116652BC90061E425 /* UnitCollider.m */ = {isa = PBXFileReference; fileEncoding = 4; lastKnownFileType = sourcecode.c.objc; path = UnitCollider.m; sourceTree = "<group>"; };
		A37E59431665314C0061E425 /* ASFloat.h */ = {isa = PBXFileReference; fileEncoding = 4; lastKnownFileType = sourcecode.c.h; path = ASFloat.h; sourceTree = "<group>"; };
		A37E59441665314C0061E425 /* ASFloat.m */ = {isa = PBXFileReference; fileEncoding = 4; lastKnownFileType = sourcecode.c.objc; path = ASFloat.m; sourceTree = "<group>"; };
		A37E595A166550320061E425 /* SelectionSystem.h */ = {isa = PBXFileReference; fileEncoding = 4; lastKnownFileType = sourcecode.c.h; path = SelectionSystem.h; sourceTree = "<group>"; };
		A37E595B166550320061E425 /* SelectionSystem.m */ = {isa = PBXFileReference; fileEncoding = 4; lastKnownFileType = sourcecode.c.objc; path = SelectionSystem.m; sourceTree = "<group>"; };
		A3BD0C971642EC8B007AEB08 /* UIKit.framework */ = {isa = PBXFileReference; lastKnownFileType = wrapper.framework; name = UIKit.framework; path = System/Library/Frameworks/UIKit.framework; sourceTree = SDKROOT; };
		A3BD0C991642EC8B007AEB08 /* Foundation.framework */ = {isa = PBXFileReference; lastKnownFileType = wrapper.framework; name = Foundation.framework; path = System/Library/Frameworks/Foundation.framework; sourceTree = SDKROOT; };
		A3BD0C9B1642EC8B007AEB08 /* CoreGraphics.framework */ = {isa = PBXFileReference; lastKnownFileType = wrapper.framework; name = CoreGraphics.framework; path = System/Library/Frameworks/CoreGraphics.framework; sourceTree = SDKROOT; };
		A3BD0CB51642EC8B007AEB08 /* SenTestingKit.framework */ = {isa = PBXFileReference; lastKnownFileType = wrapper.framework; name = SenTestingKit.framework; path = Library/Frameworks/SenTestingKit.framework; sourceTree = DEVELOPER_DIR; };
		A3BD0CEE16461496007AEB08 /* OpenGLES.framework */ = {isa = PBXFileReference; lastKnownFileType = wrapper.framework; name = OpenGLES.framework; path = System/Library/Frameworks/OpenGLES.framework; sourceTree = SDKROOT; };
		A3BD0CF0164614B7007AEB08 /* GLKit.framework */ = {isa = PBXFileReference; lastKnownFileType = wrapper.framework; name = GLKit.framework; path = System/Library/Frameworks/GLKit.framework; sourceTree = SDKROOT; };
		A3EE231A16680E0E00E4CB9D /* MapGrid.h */ = {isa = PBXFileReference; fileEncoding = 4; lastKnownFileType = sourcecode.c.h; path = MapGrid.h; sourceTree = "<group>"; };
		A3EE231B16680E0E00E4CB9D /* MapGrid.m */ = {isa = PBXFileReference; fileEncoding = 4; lastKnownFileType = sourcecode.c.objc; path = MapGrid.m; sourceTree = "<group>"; };
		A3F41EE0166D2B7500C966AD /* PathfindingSystem.h */ = {isa = PBXFileReference; fileEncoding = 4; lastKnownFileType = sourcecode.c.h; path = PathfindingSystem.h; sourceTree = "<group>"; };
		A3F41EE1166D2B7500C966AD /* PathfindingSystem.m */ = {isa = PBXFileReference; fileEncoding = 4; lastKnownFileType = sourcecode.c.objc; path = PathfindingSystem.m; sourceTree = "<group>"; };
		A3F41EE7166D547300C966AD /* Pathfinding.h */ = {isa = PBXFileReference; fileEncoding = 4; lastKnownFileType = sourcecode.c.h; path = Pathfinding.h; sourceTree = "<group>"; };
		A3F41EE8166D547300C966AD /* Pathfinding.m */ = {isa = PBXFileReference; fileEncoding = 4; lastKnownFileType = sourcecode.c.objc; path = Pathfinding.m; sourceTree = "<group>"; };
		A3F8B02C166465A700334E9E /* AppDelegate.h */ = {isa = PBXFileReference; fileEncoding = 4; lastKnownFileType = sourcecode.c.h; path = AppDelegate.h; sourceTree = "<group>"; };
		A3F8B02D166465A700334E9E /* AppDelegate.m */ = {isa = PBXFileReference; fileEncoding = 4; lastKnownFileType = sourcecode.c.objc; path = AppDelegate.m; sourceTree = "<group>"; };
		A3F8B02F166465A700334E9E /* Default-568h@2x.png */ = {isa = PBXFileReference; lastKnownFileType = image.png; path = "Default-568h@2x.png"; sourceTree = "<group>"; };
		A3F8B030166465A700334E9E /* Default.png */ = {isa = PBXFileReference; lastKnownFileType = image.png; path = Default.png; sourceTree = "<group>"; };
		A3F8B031166465A700334E9E /* Default@2x.png */ = {isa = PBXFileReference; lastKnownFileType = image.png; path = "Default@2x.png"; sourceTree = "<group>"; };
		A3F8B032166465A700334E9E /* entities.json */ = {isa = PBXFileReference; fileEncoding = 4; lastKnownFileType = text.json; path = entities.json; sourceTree = "<group>"; };
		A3F8B033166465A700334E9E /* healthgradient.png */ = {isa = PBXFileReference; lastKnownFileType = image.png; path = healthgradient.png; sourceTree = "<group>"; };
		A3F8B034166465A700334E9E /* map.png */ = {isa = PBXFileReference; lastKnownFileType = image.png; path = map.png; sourceTree = "<group>"; };
		A3F8B035166465A700334E9E /* map2.png */ = {isa = PBXFileReference; lastKnownFileType = image.png; path = map2.png; sourceTree = "<group>"; };
		A3F8B036166465A700334E9E /* player.png */ = {isa = PBXFileReference; lastKnownFileType = image.png; path = player.png; sourceTree = "<group>"; };
		A3F8B037166465A700334E9E /* snowball-small.png */ = {isa = PBXFileReference; lastKnownFileType = image.png; path = "snowball-small.png"; sourceTree = "<group>"; };
		A3F8B038166465A700334E9E /* snowball.png */ = {isa = PBXFileReference; lastKnownFileType = image.png; path = snowball.png; sourceTree = "<group>"; };
		A3F8B039166465A700334E9E /* sprite2.png */ = {isa = PBXFileReference; lastKnownFileType = image.png; path = sprite2.png; sourceTree = "<group>"; };
		A3F8B03A166465A700334E9E /* wpaper.jpg */ = {isa = PBXFileReference; lastKnownFileType = image.jpeg; path = wpaper.jpg; sourceTree = "<group>"; };
		A3F8B03C166465A700334E9E /* Behavior.h */ = {isa = PBXFileReference; fileEncoding = 4; lastKnownFileType = sourcecode.c.h; path = Behavior.h; sourceTree = "<group>"; };
		A3F8B03D166465A700334E9E /* Behavior.m */ = {isa = PBXFileReference; fileEncoding = 4; lastKnownFileType = sourcecode.c.objc; path = Behavior.m; sourceTree = "<group>"; };
		A3F8B03E166465A700334E9E /* LeftPlayer.h */ = {isa = PBXFileReference; fileEncoding = 4; lastKnownFileType = sourcecode.c.h; path = LeftPlayer.h; sourceTree = "<group>"; };
		A3F8B03F166465A700334E9E /* LeftPlayer.m */ = {isa = PBXFileReference; fileEncoding = 4; lastKnownFileType = sourcecode.c.objc; path = LeftPlayer.m; sourceTree = "<group>"; };
		A3F8B040166465A700334E9E /* Sphere.h */ = {isa = PBXFileReference; fileEncoding = 4; lastKnownFileType = sourcecode.c.h; path = Sphere.h; sourceTree = "<group>"; };
		A3F8B041166465A700334E9E /* Sphere.m */ = {isa = PBXFileReference; fileEncoding = 4; lastKnownFileType = sourcecode.c.objc; path = Sphere.m; sourceTree = "<group>"; };
		A3F8B042166465A700334E9E /* Camera.h */ = {isa = PBXFileReference; fileEncoding = 4; lastKnownFileType = sourcecode.c.h; path = Camera.h; sourceTree = "<group>"; };
		A3F8B043166465A700334E9E /* Camera.m */ = {isa = PBXFileReference; fileEncoding = 4; lastKnownFileType = sourcecode.c.objc; path = Camera.m; sourceTree = "<group>"; };
		A3F8B045166465A700334E9E /* Attack.h */ = {isa = PBXFileReference; fileEncoding = 4; lastKnownFileType = sourcecode.c.h; path = Attack.h; sourceTree = "<group>"; };
		A3F8B046166465A700334E9E /* Attack.m */ = {isa = PBXFileReference; fileEncoding = 4; lastKnownFileType = sourcecode.c.objc; path = Attack.m; sourceTree = "<group>"; };
		A3F8B047166465A700334E9E /* Collision.h */ = {isa = PBXFileReference; fileEncoding = 4; lastKnownFileType = sourcecode.c.h; path = Collision.h; sourceTree = "<group>"; };
		A3F8B048166465A700334E9E /* Collision.m */ = {isa = PBXFileReference; fileEncoding = 4; lastKnownFileType = sourcecode.c.objc; path = Collision.m; sourceTree = "<group>"; };
		A3F8B049166465A700334E9E /* Component.h */ = {isa = PBXFileReference; fileEncoding = 4; lastKnownFileType = sourcecode.c.h; path = Component.h; sourceTree = "<group>"; };
		A3F8B04A166465A700334E9E /* Component.m */ = {isa = PBXFileReference; fileEncoding = 4; lastKnownFileType = sourcecode.c.objc; path = Component.m; sourceTree = "<group>"; };
		A3F8B04B166465A700334E9E /* Health.h */ = {isa = PBXFileReference; fileEncoding = 4; lastKnownFileType = sourcecode.c.h; path = Health.h; sourceTree = "<group>"; };
		A3F8B04C166465A700334E9E /* Health.m */ = {isa = PBXFileReference; fileEncoding = 4; lastKnownFileType = sourcecode.c.objc; path = Health.m; sourceTree = "<group>"; };
		A3F8B04D166465A700334E9E /* Physics.h */ = {isa = PBXFileReference; fileEncoding = 4; lastKnownFileType = sourcecode.c.h; path = Physics.h; sourceTree = "<group>"; };
		A3F8B04E166465A700334E9E /* Physics.m */ = {isa = PBXFileReference; fileEncoding = 4; lastKnownFileType = sourcecode.c.objc; path = Physics.m; sourceTree = "<group>"; };
		A3F8B04F166465A700334E9E /* Projectile.h */ = {isa = PBXFileReference; fileEncoding = 4; lastKnownFileType = sourcecode.c.h; path = Projectile.h; sourceTree = "<group>"; };
		A3F8B050166465A700334E9E /* Projectile.m */ = {isa = PBXFileReference; fileEncoding = 4; lastKnownFileType = sourcecode.c.objc; path = Projectile.m; sourceTree = "<group>"; };
		A3F8B051166465A700334E9E /* SceneGraph.h */ = {isa = PBXFileReference; fileEncoding = 4; lastKnownFileType = sourcecode.c.h; path = SceneGraph.h; sourceTree = "<group>"; };
		A3F8B052166465A700334E9E /* SceneGraph.m */ = {isa = PBXFileReference; fileEncoding = 4; lastKnownFileType = sourcecode.c.objc; path = SceneGraph.m; sourceTree = "<group>"; };
		A3F8B053166465A700334E9E /* Selectable.h */ = {isa = PBXFileReference; fileEncoding = 4; lastKnownFileType = sourcecode.c.h; path = Selectable.h; sourceTree = "<group>"; };
		A3F8B054166465A700334E9E /* Selectable.m */ = {isa = PBXFileReference; fileEncoding = 4; lastKnownFileType = sourcecode.c.objc; path = Selectable.m; sourceTree = "<group>"; };
		A3F8B055166465A700334E9E /* StandardCollider.h */ = {isa = PBXFileReference; fileEncoding = 4; lastKnownFileType = sourcecode.c.h; path = StandardCollider.h; sourceTree = "<group>"; };
		A3F8B056166465A700334E9E /* StandardCollider.m */ = {isa = PBXFileReference; fileEncoding = 4; lastKnownFileType = sourcecode.c.objc; path = StandardCollider.m; sourceTree = "<group>"; };
		A3F8B057166465A700334E9E /* Team.h */ = {isa = PBXFileReference; fileEncoding = 4; lastKnownFileType = sourcecode.c.h; path = Team.h; sourceTree = "<group>"; };
		A3F8B058166465A700334E9E /* Team.m */ = {isa = PBXFileReference; fileEncoding = 4; lastKnownFileType = sourcecode.c.objc; path = Team.m; sourceTree = "<group>"; };
		A3F8B059166465A700334E9E /* Transform.h */ = {isa = PBXFileReference; fileEncoding = 4; lastKnownFileType = sourcecode.c.h; path = Transform.h; sourceTree = "<group>"; };
		A3F8B05A166465A700334E9E /* Transform.m */ = {isa = PBXFileReference; fileEncoding = 4; lastKnownFileType = sourcecode.c.objc; path = Transform.m; sourceTree = "<group>"; };
		A3F8B05C166465A700334E9E /* ViewController.h */ = {isa = PBXFileReference; fileEncoding = 4; lastKnownFileType = sourcecode.c.h; path = ViewController.h; sourceTree = "<group>"; };
		A3F8B05D166465A700334E9E /* ViewController.m */ = {isa = PBXFileReference; fileEncoding = 4; lastKnownFileType = sourcecode.c.objc; path = ViewController.m; sourceTree = "<group>"; };
		A3F8B05E166465A700334E9E /* Entity.h */ = {isa = PBXFileReference; fileEncoding = 4; lastKnownFileType = sourcecode.c.h; path = Entity.h; sourceTree = "<group>"; };
		A3F8B05F166465A700334E9E /* Entity.m */ = {isa = PBXFileReference; fileEncoding = 4; lastKnownFileType = sourcecode.c.objc; path = Entity.m; sourceTree = "<group>"; };
		A3F8B060166465A700334E9E /* EntityManager.h */ = {isa = PBXFileReference; fileEncoding = 4; lastKnownFileType = sourcecode.c.h; name = EntityManager.h; path = Managers/EntityManager.h; sourceTree = "<group>"; };
		A3F8B061166465A700334E9E /* EntityManager.m */ = {isa = PBXFileReference; fileEncoding = 4; lastKnownFileType = sourcecode.c.objc; name = EntityManager.m; path = Managers/EntityManager.m; sourceTree = "<group>"; };
		A3F8B062166465A700334E9E /* Game.h */ = {isa = PBXFileReference; fileEncoding = 4; lastKnownFileType = sourcecode.c.h; path = Game.h; sourceTree = "<group>"; };
		A3F8B063166465A700334E9E /* Game.m */ = {isa = PBXFileReference; fileEncoding = 4; lastKnownFileType = sourcecode.c.objc; path = Game.m; sourceTree = "<group>"; };
		A3F8B064166465A700334E9E /* main.m */ = {isa = PBXFileReference; fileEncoding = 4; lastKnownFileType = sourcecode.c.objc; path = main.m; sourceTree = "<group>"; };
		A3F8B065166465A700334E9E /* Sprite.h */ = {isa = PBXFileReference; fileEncoding = 4; lastKnownFileType = sourcecode.c.h; path = Sprite.h; sourceTree = "<group>"; };
		A3F8B066166465A700334E9E /* Sprite.m */ = {isa = PBXFileReference; fileEncoding = 4; lastKnownFileType = sourcecode.c.objc; path = Sprite.m; sourceTree = "<group>"; };
		A3F8B069166465A700334E9E /* en */ = {isa = PBXFileReference; lastKnownFileType = text.plist.strings; name = en; path = en.lproj/InfoPlist.strings; sourceTree = "<group>"; };
		A3F8B06A166465A700334E9E /* SnoBros2-Info.plist */ = {isa = PBXFileReference; fileEncoding = 4; lastKnownFileType = text.plist.xml; path = "SnoBros2-Info.plist"; sourceTree = "<group>"; };
		A3F8B06B166465A700334E9E /* SnoBros2-Prefix.pch */ = {isa = PBXFileReference; fileEncoding = 4; lastKnownFileType = sourcecode.c.h; path = "SnoBros2-Prefix.pch"; sourceTree = "<group>"; };
		A3F8B06D166465A700334E9E /* CollisionSystem.h */ = {isa = PBXFileReference; fileEncoding = 4; lastKnownFileType = sourcecode.c.h; path = CollisionSystem.h; sourceTree = "<group>"; };
		A3F8B06E166465A700334E9E /* CollisionSystem.m */ = {isa = PBXFileReference; fileEncoding = 4; lastKnownFileType = sourcecode.c.objc; path = CollisionSystem.m; sourceTree = "<group>"; };
		A3F8B06F166465A700334E9E /* InputSystem.h */ = {isa = PBXFileReference; fileEncoding = 4; lastKnownFileType = sourcecode.c.h; path = InputSystem.h; sourceTree = "<group>"; };
		A3F8B070166465A700334E9E /* InputSystem.m */ = {isa = PBXFileReference; fileEncoding = 4; lastKnownFileType = sourcecode.c.objc; path = InputSystem.m; sourceTree = "<group>"; };
		A3F8B071166465A700334E9E /* RenderSystem.h */ = {isa = PBXFileReference; fileEncoding = 4; lastKnownFileType = sourcecode.c.h; path = RenderSystem.h; sourceTree = "<group>"; };
		A3F8B072166465A700334E9E /* RenderSystem.m */ = {isa = PBXFileReference; fileEncoding = 4; lastKnownFileType = sourcecode.c.objc; path = RenderSystem.m; sourceTree = "<group>"; };
		A3F8B074166465A700334E9E /* Quadtree.h */ = {isa = PBXFileReference; fileEncoding = 4; lastKnownFileType = sourcecode.c.h; path = Quadtree.h; sourceTree = "<group>"; };
		A3F8B075166465A700334E9E /* Quadtree.m */ = {isa = PBXFileReference; fileEncoding = 4; lastKnownFileType = sourcecode.c.objc; path = Quadtree.m; sourceTree = "<group>"; };
/* End PBXFileReference section */

/* Begin PBXFrameworksBuildPhase section */
		A374CB18166E64DB00286090 /* Frameworks */ = {
			isa = PBXFrameworksBuildPhase;
			buildActionMask = 2147483647;
			files = (
				A374CB3F166E6ABE00286090 /* libPods-KiwiUnitTest.a in Frameworks */,
				A374CB1D166E64DB00286090 /* SenTestingKit.framework in Frameworks */,
				A374CB1E166E64DB00286090 /* UIKit.framework in Frameworks */,
				A374CB1F166E64DB00286090 /* Foundation.framework in Frameworks */,
			);
			runOnlyForDeploymentPostprocessing = 0;
		};
		A3BD0C901642EC8B007AEB08 /* Frameworks */ = {
			isa = PBXFrameworksBuildPhase;
			buildActionMask = 2147483647;
			files = (
				A3BD0CF1164614B7007AEB08 /* GLKit.framework in Frameworks */,
				A3BD0CEF16461496007AEB08 /* OpenGLES.framework in Frameworks */,
				A3BD0C981642EC8B007AEB08 /* UIKit.framework in Frameworks */,
				A3BD0C9A1642EC8B007AEB08 /* Foundation.framework in Frameworks */,
				A3BD0C9C1642EC8B007AEB08 /* CoreGraphics.framework in Frameworks */,
			);
			runOnlyForDeploymentPostprocessing = 0;
		};
/* End PBXFrameworksBuildPhase section */

/* Begin PBXGroup section */
		87149ED7166FACD000D92227 /* Shaders */ = {
			isa = PBXGroup;
			children = (
				87149EE7166FB53200D92227 /* Fragment */,
				87149EE4166FB2B600D92227 /* Vertex */,
				87149ED8166FACF800D92227 /* Shader.h */,
				87149ED9166FACF800D92227 /* Shader.m */,
				87149EDF166FAEEF00D92227 /* ShaderManager.h */,
				87149EE0166FAEEF00D92227 /* ShaderManager.m */,
				87149EEA166FB90600D92227 /* ShaderProgram.h */,
				87149EEB166FB90600D92227 /* ShaderProgram.m */,
			);
			name = Shaders;
			sourceTree = "<group>";
		};
		87149EE4166FB2B600D92227 /* Vertex */ = {
			isa = PBXGroup;
			children = (
				87149EE5166FB2D200D92227 /* BasicVertex.glsl */,
			);
			name = Vertex;
			sourceTree = "<group>";
		};
		87149EE7166FB53200D92227 /* Fragment */ = {
			isa = PBXGroup;
			children = (
				87149EE8166FB56B00D92227 /* BasicFragment.glsl */,
			);
			name = Fragment;
			sourceTree = "<group>";
		};
		8787EC1516652307000C07E1 /* Managers */ = {
			isa = PBXGroup;
			children = (
				A3F8B060166465A700334E9E /* EntityManager.h */,
				A3F8B061166465A700334E9E /* EntityManager.m */,
				8787EC17166523A0000C07E1 /* SpriteManager.h */,
				8787EC18166523A0000C07E1 /* SpriteManager.m */,
			);
			name = Managers;
			sourceTree = "<group>";
		};
		87E49DEF16515A8200202CFB /* SnoBros2 */ = {
			isa = PBXGroup;
			children = (
				87149ED7166FACD000D92227 /* Shaders */,
				A3F8B06C166465A700334E9E /* Systems */,
				A3F8B044166465A700334E9E /* Components */,
				A3F8B03B166465A700334E9E /* Behaviors */,
				8787EC1516652307000C07E1 /* Managers */,
				A3F8B073166465A700334E9E /* Utilities */,
				A3F8B05B166465A700334E9E /* Controllers */,
				A3F8B067166465A700334E9E /* Support */,
				A3F8B02E166465A700334E9E /* Assets */,
				A3F8B062166465A700334E9E /* Game.h */,
				A3F8B063166465A700334E9E /* Game.m */,
				A3F8B05E166465A700334E9E /* Entity.h */,
				A3F8B05F166465A700334E9E /* Entity.m */,
				A3F8B042166465A700334E9E /* Camera.h */,
				A3F8B043166465A700334E9E /* Camera.m */,
				A3F8B065166465A700334E9E /* Sprite.h */,
				A3F8B066166465A700334E9E /* Sprite.m */,
				A3F8B02C166465A700334E9E /* AppDelegate.h */,
				A3F8B02D166465A700334E9E /* AppDelegate.m */,
				A3F8B064166465A700334E9E /* main.m */,
			);
			path = SnoBros2;
			sourceTree = "<group>";
		};
		A374CB20166E64DB00286090 /* KiwiUnitTest */ = {
			isa = PBXGroup;
			children = (
				A374CB21166E64DB00286090 /* Supporting Files */,
				A374CB3C166E685A00286090 /* PathfinderSpec.m */,
				A378987F166E9F1F009C13EE /* MapGridSpec.m */,
			);
			path = KiwiUnitTest;
			sourceTree = "<group>";
		};
		A374CB21166E64DB00286090 /* Supporting Files */ = {
			isa = PBXGroup;
			children = (
				8D5B5125E23F4A65A7F3A265 /* Pods-KiwiUnitTest.xcconfig */,
				A374CB3E166E6ABE00286090 /* libPods-KiwiUnitTest.a */,
				A374CB22166E64DB00286090 /* KiwiUnitTest-Info.plist */,
				A374CB23166E64DB00286090 /* InfoPlist.strings */,
				A374CB29166E64DB00286090 /* KiwiUnitTest-Prefix.pch */,
			);
			name = "Supporting Files";
			sourceTree = "<group>";
		};
		A3BD0C881642EC8B007AEB08 = {
			isa = PBXGroup;
			children = (
				87E49DEF16515A8200202CFB /* SnoBros2 */,
				A374CB20166E64DB00286090 /* KiwiUnitTest */,
				A3BD0C961642EC8B007AEB08 /* Frameworks */,
				A3789879166E9ECE009C13EE /* SnoBros2.app */,
				A378987B166E9ECE009C13EE /* KiwiUnitTest.octest */,
			);
			sourceTree = "<group>";
		};
		A3BD0C961642EC8B007AEB08 /* Frameworks */ = {
			isa = PBXGroup;
			children = (
				A3BD0CEE16461496007AEB08 /* OpenGLES.framework */,
				A3BD0CF0164614B7007AEB08 /* GLKit.framework */,
				A3BD0C971642EC8B007AEB08 /* UIKit.framework */,
				A3BD0C991642EC8B007AEB08 /* Foundation.framework */,
				A3BD0C9B1642EC8B007AEB08 /* CoreGraphics.framework */,
				A3BD0CB51642EC8B007AEB08 /* SenTestingKit.framework */,
			);
			name = Frameworks;
			sourceTree = "<group>";
		};
		A3F8B02E166465A700334E9E /* Assets */ = {
			isa = PBXGroup;
			children = (
				87E41980166677DE00336F3A /* healthgradient2.png */,
				A3F8B02F166465A700334E9E /* Default-568h@2x.png */,
				A3F8B030166465A700334E9E /* Default.png */,
				A3F8B031166465A700334E9E /* Default@2x.png */,
				A3F8B032166465A700334E9E /* entities.json */,
				8787EC1A16652664000C07E1 /* sprites.json */,
				87149EE2166FB01100D92227 /* shaders.json */,
				87149EED166FB9B900D92227 /* programs.json */,
				A3F8B033166465A700334E9E /* healthgradient.png */,
				A3F8B034166465A700334E9E /* map.png */,
				A3F8B035166465A700334E9E /* map2.png */,
				A3F8B036166465A700334E9E /* player.png */,
				A3F8B037166465A700334E9E /* snowball-small.png */,
				A3F8B038166465A700334E9E /* snowball.png */,
				A3F8B039166465A700334E9E /* sprite2.png */,
				A3F8B03A166465A700334E9E /* wpaper.jpg */,
			);
			path = Assets;
			sourceTree = "<group>";
		};
		A3F8B03B166465A700334E9E /* Behaviors */ = {
			isa = PBXGroup;
			children = (
				A3F8B03C166465A700334E9E /* Behavior.h */,
				A3F8B03D166465A700334E9E /* Behavior.m */,
				A3F8B03E166465A700334E9E /* LeftPlayer.h */,
				A3F8B03F166465A700334E9E /* LeftPlayer.m */,
				A3F8B040166465A700334E9E /* Sphere.h */,
				A3F8B041166465A700334E9E /* Sphere.m */,
			);
			path = Behaviors;
			sourceTree = "<group>";
		};
		A3F8B044166465A700334E9E /* Components */ = {
			isa = PBXGroup;
			children = (
				A3F8B045166465A700334E9E /* Attack.h */,
				A3F8B046166465A700334E9E /* Attack.m */,
				A3F8B047166465A700334E9E /* Collision.h */,
				A3F8B048166465A700334E9E /* Collision.m */,
				A3F8B049166465A700334E9E /* Component.h */,
				A3F8B04A166465A700334E9E /* Component.m */,
				A3F8B04B166465A700334E9E /* Health.h */,
				A3F8B04C166465A700334E9E /* Health.m */,
				A3F8B04D166465A700334E9E /* Physics.h */,
				A3F8B04E166465A700334E9E /* Physics.m */,
				A3F8B04F166465A700334E9E /* Projectile.h */,
				A3F8B050166465A700334E9E /* Projectile.m */,
				A3F8B051166465A700334E9E /* SceneGraph.h */,
				A3F8B052166465A700334E9E /* SceneGraph.m */,
				A3F8B053166465A700334E9E /* Selectable.h */,
				A3F8B054166465A700334E9E /* Selectable.m */,
				A3F8B055166465A700334E9E /* StandardCollider.h */,
				A3F8B056166465A700334E9E /* StandardCollider.m */,
				A3F8B057166465A700334E9E /* Team.h */,
				A3F8B058166465A700334E9E /* Team.m */,
				A3F8B059166465A700334E9E /* Transform.h */,
				A3F8B05A166465A700334E9E /* Transform.m */,
				A37E594016652BC90061E425 /* UnitCollider.h */,
				A37E594116652BC90061E425 /* UnitCollider.m */,
				A3F41EE7166D547300C966AD /* Pathfinding.h */,
				A3F41EE8166D547300C966AD /* Pathfinding.m */,
			);
			path = Components;
			sourceTree = "<group>";
		};
		A3F8B05B166465A700334E9E /* Controllers */ = {
			isa = PBXGroup;
			children = (
				A3F8B05C166465A700334E9E /* ViewController.h */,
				A3F8B05D166465A700334E9E /* ViewController.m */,
			);
			path = Controllers;
			sourceTree = "<group>";
		};
		A3F8B067166465A700334E9E /* Support */ = {
			isa = PBXGroup;
			children = (
				A3F8B068166465A700334E9E /* InfoPlist.strings */,
				A3F8B06A166465A700334E9E /* SnoBros2-Info.plist */,
				A3F8B06B166465A700334E9E /* SnoBros2-Prefix.pch */,
			);
			path = Support;
			sourceTree = "<group>";
		};
		A3F8B06C166465A700334E9E /* Systems */ = {
			isa = PBXGroup;
			children = (
				A3F8B06D166465A700334E9E /* CollisionSystem.h */,
				A3F8B06E166465A700334E9E /* CollisionSystem.m */,
				A3F8B06F166465A700334E9E /* InputSystem.h */,
				A3F8B070166465A700334E9E /* InputSystem.m */,
				A3F8B071166465A700334E9E /* RenderSystem.h */,
				A3F8B072166465A700334E9E /* RenderSystem.m */,
				A37E595A166550320061E425 /* SelectionSystem.h */,
				A37E595B166550320061E425 /* SelectionSystem.m */,
				A3F41EE0166D2B7500C966AD /* PathfindingSystem.h */,
				A3F41EE1166D2B7500C966AD /* PathfindingSystem.m */,
			);
			path = Systems;
			sourceTree = "<group>";
		};
		A3F8B073166465A700334E9E /* Utilities */ = {
			isa = PBXGroup;
			children = (
				A3F8B074166465A700334E9E /* Quadtree.h */,
				A3F8B075166465A700334E9E /* Quadtree.m */,
				87E4195D16652E7600336F3A /* SceneNode.h */,
				87E4195E16652E7600336F3A /* SceneNode.m */,
				A37E59431665314C0061E425 /* ASFloat.h */,
				A37E59441665314C0061E425 /* ASFloat.m */,
				A3EE231A16680E0E00E4CB9D /* MapGrid.h */,
				A3EE231B16680E0E00E4CB9D /* MapGrid.m */,
				A3541B3816681116004531C1 /* MapNode.h */,
				A3541B3916681116004531C1 /* MapNode.m */,
				A317B9C81669CFBF00B5D78E /* Pathfinder.h */,
				A317B9C91669CFBF00B5D78E /* Pathfinder.m */,
			);
			path = Utilities;
			sourceTree = "<group>";
		};
/* End PBXGroup section */

/* Begin PBXNativeTarget section */
		A374CB1B166E64DB00286090 /* KiwiUnitTest */ = {
			isa = PBXNativeTarget;
			buildConfigurationList = A374CB2A166E64DB00286090 /* Build configuration list for PBXNativeTarget "KiwiUnitTest" */;
			buildPhases = (
				A374CB17166E64DB00286090 /* Sources */,
				A374CB18166E64DB00286090 /* Frameworks */,
				A374CB19166E64DB00286090 /* Resources */,
				A374CB1A166E64DB00286090 /* ShellScript */,
				D18BFACBAF294336B688AFF2 /* Copy Pods Resources */,
			);
			buildRules = (
			);
			dependencies = (
			);
			name = KiwiUnitTest;
			productName = KiwiUnitTest;
			productReference = A378987B166E9ECE009C13EE /* KiwiUnitTest.octest */;
			productType = "com.apple.product-type.bundle";
		};
		A3BD0C921642EC8B007AEB08 /* SnoBros2 */ = {
			isa = PBXNativeTarget;
			buildConfigurationList = A3BD0CC61642EC8B007AEB08 /* Build configuration list for PBXNativeTarget "SnoBros2" */;
			buildPhases = (
				A3BD0C8F1642EC8B007AEB08 /* Sources */,
				A3BD0C901642EC8B007AEB08 /* Frameworks */,
				A3BD0C911642EC8B007AEB08 /* Resources */,
			);
			buildRules = (
			);
			dependencies = (
			);
			name = SnoBros2;
			productName = SnoBros2;
			productReference = A3789879166E9ECE009C13EE /* SnoBros2.app */;
			productType = "com.apple.product-type.application";
		};
/* End PBXNativeTarget section */

/* Begin PBXProject section */
		A3BD0C8A1642EC8B007AEB08 /* Project object */ = {
			isa = PBXProject;
			attributes = {
				LastUpgradeCheck = 0450;
				ORGANIZATIONNAME = "Attack Slug";
			};
			buildConfigurationList = A3BD0C8D1642EC8B007AEB08 /* Build configuration list for PBXProject "SnoBros2" */;
			compatibilityVersion = "Xcode 3.2";
			developmentRegion = English;
			hasScannedForEncodings = 0;
			knownRegions = (
				en,
			);
			mainGroup = A3BD0C881642EC8B007AEB08;
			productRefGroup = A3BD0C881642EC8B007AEB08;
			projectDirPath = "";
			projectRoot = "";
			targets = (
				A3BD0C921642EC8B007AEB08 /* SnoBros2 */,
				A374CB1B166E64DB00286090 /* KiwiUnitTest */,
			);
		};
/* End PBXProject section */

/* Begin PBXResourcesBuildPhase section */
		A374CB19166E64DB00286090 /* Resources */ = {
			isa = PBXResourcesBuildPhase;
			buildActionMask = 2147483647;
			files = (
				A374CB25166E64DB00286090 /* InfoPlist.strings in Resources */,
			);
			runOnlyForDeploymentPostprocessing = 0;
		};
		A3BD0C911642EC8B007AEB08 /* Resources */ = {
			isa = PBXResourcesBuildPhase;
			buildActionMask = 2147483647;
			files = (
				A3F8B077166465A700334E9E /* Default-568h@2x.png in Resources */,
				A3F8B078166465A700334E9E /* Default.png in Resources */,
				A3F8B079166465A700334E9E /* Default@2x.png in Resources */,
				A3F8B07A166465A700334E9E /* entities.json in Resources */,
				A3F8B07B166465A700334E9E /* healthgradient.png in Resources */,
				A3F8B07C166465A700334E9E /* map.png in Resources */,
				A3F8B07D166465A700334E9E /* map2.png in Resources */,
				A3F8B07E166465A700334E9E /* player.png in Resources */,
				A3F8B07F166465A700334E9E /* snowball-small.png in Resources */,
				A3F8B080166465A700334E9E /* snowball.png in Resources */,
				A3F8B081166465A700334E9E /* sprite2.png in Resources */,
				A3F8B082166465A700334E9E /* wpaper.jpg in Resources */,
				A3F8B098166465A700334E9E /* InfoPlist.strings in Resources */,
				8787EC1B16652664000C07E1 /* sprites.json in Resources */,
				87E41981166677DE00336F3A /* healthgradient2.png in Resources */,
				87149EE3166FB01100D92227 /* shaders.json in Resources */,
				87149EE6166FB2D200D92227 /* BasicVertex.glsl in Resources */,
				87149EE9166FB56B00D92227 /* BasicFragment.glsl in Resources */,
				87149EEE166FB9B900D92227 /* programs.json in Resources */,
			);
			runOnlyForDeploymentPostprocessing = 0;
		};
/* End PBXResourcesBuildPhase section */

/* Begin PBXShellScriptBuildPhase section */
		A374CB1A166E64DB00286090 /* ShellScript */ = {
			isa = PBXShellScriptBuildPhase;
			buildActionMask = 2147483647;
			files = (
			);
			inputPaths = (
			);
			outputPaths = (
			);
			runOnlyForDeploymentPostprocessing = 0;
			shellPath = /bin/sh;
			shellScript = "# Run the unit tests in this test bundle.\n\"${SYSTEM_DEVELOPER_DIR}/Tools/RunUnitTests\"\n";
		};
		D18BFACBAF294336B688AFF2 /* Copy Pods Resources */ = {
			isa = PBXShellScriptBuildPhase;
			buildActionMask = 2147483647;
			files = (
			);
			inputPaths = (
			);
			name = "Copy Pods Resources";
			outputPaths = (
			);
			runOnlyForDeploymentPostprocessing = 0;
			shellPath = /bin/sh;
			shellScript = "\"${SRCROOT}/Pods/Pods-KiwiUnitTest-resources.sh\"\n";
		};
/* End PBXShellScriptBuildPhase section */

/* Begin PBXSourcesBuildPhase section */
		A374CB17166E64DB00286090 /* Sources */ = {
			isa = PBXSourcesBuildPhase;
			buildActionMask = 2147483647;
			files = (
				A374CB3D166E685A00286090 /* PathfinderSpec.m in Sources */,
				A3789880166E9F1F009C13EE /* MapGridSpec.m in Sources */,
			);
			runOnlyForDeploymentPostprocessing = 0;
		};
		A3BD0C8F1642EC8B007AEB08 /* Sources */ = {
			isa = PBXSourcesBuildPhase;
			buildActionMask = 2147483647;
			files = (
				A3F8B076166465A700334E9E /* AppDelegate.m in Sources */,
				A3F8B083166465A700334E9E /* Behavior.m in Sources */,
				A3F8B084166465A700334E9E /* LeftPlayer.m in Sources */,
				A3F8B085166465A700334E9E /* Sphere.m in Sources */,
				A3F8B086166465A700334E9E /* Camera.m in Sources */,
				A3F8B087166465A700334E9E /* Attack.m in Sources */,
				A3F8B088166465A700334E9E /* Collision.m in Sources */,
				A3F8B089166465A700334E9E /* Component.m in Sources */,
				A3F8B08A166465A700334E9E /* Health.m in Sources */,
				A3F8B08B166465A700334E9E /* Physics.m in Sources */,
				A3F8B08C166465A700334E9E /* Projectile.m in Sources */,
				A3F8B08D166465A700334E9E /* SceneGraph.m in Sources */,
				A3F8B08E166465A700334E9E /* Selectable.m in Sources */,
				A3F8B08F166465A700334E9E /* StandardCollider.m in Sources */,
				A3F8B090166465A700334E9E /* Team.m in Sources */,
				A3F8B091166465A700334E9E /* Transform.m in Sources */,
				A3F8B092166465A700334E9E /* ViewController.m in Sources */,
				A3F8B093166465A700334E9E /* Entity.m in Sources */,
				A3F8B094166465A700334E9E /* EntityManager.m in Sources */,
				A3F8B095166465A700334E9E /* Game.m in Sources */,
				A3F8B096166465A700334E9E /* main.m in Sources */,
				A3F8B097166465A700334E9E /* Sprite.m in Sources */,
				A3F8B09A166465A700334E9E /* CollisionSystem.m in Sources */,
				A3F8B09B166465A700334E9E /* InputSystem.m in Sources */,
				A3F8B09C166465A700334E9E /* RenderSystem.m in Sources */,
				A3F8B09D166465A700334E9E /* Quadtree.m in Sources */,
				8787EC19166523A0000C07E1 /* SpriteManager.m in Sources */,
				87E4195F16652E7600336F3A /* SceneNode.m in Sources */,
				A37E594216652BC90061E425 /* UnitCollider.m in Sources */,
				A37E59451665314C0061E425 /* ASFloat.m in Sources */,
				A37E595C166550320061E425 /* SelectionSystem.m in Sources */,
				A3EE231C16680E0E00E4CB9D /* MapGrid.m in Sources */,
				A3541B3A16681116004531C1 /* MapNode.m in Sources */,
				A317B9CA1669CFBF00B5D78E /* Pathfinder.m in Sources */,
				87149EDA166FACF800D92227 /* Shader.m in Sources */,
				87149EE1166FAEEF00D92227 /* ShaderManager.m in Sources */,
				87149EEC166FB90600D92227 /* ShaderProgram.m in Sources */,
				A3F41EE2166D2B7500C966AD /* PathfindingSystem.m in Sources */,
				A3F41EE9166D547300C966AD /* Pathfinding.m in Sources */,
			);
			runOnlyForDeploymentPostprocessing = 0;
		};
/* End PBXSourcesBuildPhase section */

/* Begin PBXVariantGroup section */
		A374CB23166E64DB00286090 /* InfoPlist.strings */ = {
			isa = PBXVariantGroup;
			children = (
				A374CB24166E64DB00286090 /* en */,
			);
			name = InfoPlist.strings;
			sourceTree = "<group>";
		};
		A3F8B068166465A700334E9E /* InfoPlist.strings */ = {
			isa = PBXVariantGroup;
			children = (
				A3F8B069166465A700334E9E /* en */,
			);
			name = InfoPlist.strings;
			sourceTree = "<group>";
		};
/* End PBXVariantGroup section */

/* Begin XCBuildConfiguration section */
		A374CB2B166E64DB00286090 /* Debug */ = {
			isa = XCBuildConfiguration;
			baseConfigurationReference = 8D5B5125E23F4A65A7F3A265 /* Pods-KiwiUnitTest.xcconfig */;
			buildSettings = {
				BUNDLE_LOADER = "$(BUILT_PRODUCTS_DIR)/SnoBros2.app/SnoBros2";
				FRAMEWORK_SEARCH_PATHS = (
					"\"$(SDKROOT)/Developer/Library/Frameworks\"",
					"\"$(DEVELOPER_LIBRARY_DIR)/Frameworks\"",
				);
				GCC_PRECOMPILE_PREFIX_HEADER = YES;
				GCC_PREFIX_HEADER = "KiwiUnitTest/KiwiUnitTest-Prefix.pch";
				INFOPLIST_FILE = "KiwiUnitTest/KiwiUnitTest-Info.plist";
				IPHONEOS_DEPLOYMENT_TARGET = 6.0;
				PRODUCT_NAME = "$(TARGET_NAME)";
				TEST_HOST = "$(BUNDLE_LOADER)";
				WRAPPER_EXTENSION = octest;
			};
			name = Debug;
		};
		A374CB2C166E64DB00286090 /* Release */ = {
			isa = XCBuildConfiguration;
			baseConfigurationReference = 8D5B5125E23F4A65A7F3A265 /* Pods-KiwiUnitTest.xcconfig */;
			buildSettings = {
				BUNDLE_LOADER = "$(BUILT_PRODUCTS_DIR)/SnoBros2.app/SnoBros2";
				FRAMEWORK_SEARCH_PATHS = (
					"\"$(SDKROOT)/Developer/Library/Frameworks\"",
					"\"$(DEVELOPER_LIBRARY_DIR)/Frameworks\"",
				);
				GCC_PRECOMPILE_PREFIX_HEADER = YES;
				GCC_PREFIX_HEADER = "KiwiUnitTest/KiwiUnitTest-Prefix.pch";
				INFOPLIST_FILE = "KiwiUnitTest/KiwiUnitTest-Info.plist";
				IPHONEOS_DEPLOYMENT_TARGET = 6.0;
				PRODUCT_NAME = "$(TARGET_NAME)";
				TEST_HOST = "$(BUNDLE_LOADER)";
				WRAPPER_EXTENSION = octest;
			};
			name = Release;
		};
		A3BD0CC41642EC8B007AEB08 /* Debug */ = {
			isa = XCBuildConfiguration;
			buildSettings = {
				ALWAYS_SEARCH_USER_PATHS = NO;
				CLANG_CXX_LANGUAGE_STANDARD = "gnu++0x";
				CLANG_CXX_LIBRARY = "libc++";
				CLANG_ENABLE_OBJC_ARC = YES;
				CLANG_WARN_EMPTY_BODY = YES;
				CLANG_WARN__DUPLICATE_METHOD_MATCH = YES;
				"CODE_SIGN_IDENTITY[sdk=iphoneos*]" = "iPhone Developer";
				COPY_PHASE_STRIP = NO;
				GCC_C_LANGUAGE_STANDARD = gnu99;
				GCC_DYNAMIC_NO_PIC = NO;
				GCC_OPTIMIZATION_LEVEL = 0;
				GCC_PREPROCESSOR_DEFINITIONS = (
					"DEBUG=1",
					"$(inherited)",
				);
				GCC_SYMBOLS_PRIVATE_EXTERN = NO;
				GCC_WARN_ABOUT_RETURN_TYPE = YES;
				GCC_WARN_UNINITIALIZED_AUTOS = YES;
				GCC_WARN_UNUSED_VARIABLE = YES;
				IPHONEOS_DEPLOYMENT_TARGET = 5.0;
				ONLY_ACTIVE_ARCH = YES;
				"PROVISIONING_PROFILE[sdk=iphoneos*]" = "";
				SDKROOT = iphoneos;
				TARGETED_DEVICE_FAMILY = 1;
			};
			name = Debug;
		};
		A3BD0CC51642EC8B007AEB08 /* Release */ = {
			isa = XCBuildConfiguration;
			buildSettings = {
				ALWAYS_SEARCH_USER_PATHS = NO;
				CLANG_CXX_LANGUAGE_STANDARD = "gnu++0x";
				CLANG_CXX_LIBRARY = "libc++";
				CLANG_ENABLE_OBJC_ARC = YES;
				CLANG_WARN_EMPTY_BODY = YES;
				CLANG_WARN__DUPLICATE_METHOD_MATCH = YES;
				"CODE_SIGN_IDENTITY[sdk=iphoneos*]" = "iPhone Developer";
				COPY_PHASE_STRIP = YES;
				GCC_C_LANGUAGE_STANDARD = gnu99;
				GCC_WARN_ABOUT_RETURN_TYPE = YES;
				GCC_WARN_UNINITIALIZED_AUTOS = YES;
				GCC_WARN_UNUSED_VARIABLE = YES;
				IPHONEOS_DEPLOYMENT_TARGET = 5.0;
				OTHER_CFLAGS = "-DNS_BLOCK_ASSERTIONS=1";
				SDKROOT = iphoneos;
				TARGETED_DEVICE_FAMILY = 1;
				VALIDATE_PRODUCT = YES;
			};
			name = Release;
		};
		A3BD0CC71642EC8B007AEB08 /* Debug */ = {
			isa = XCBuildConfiguration;
			buildSettings = {
				GCC_PRECOMPILE_PREFIX_HEADER = YES;
				GCC_PREFIX_HEADER = "SnoBros2/Support/SnoBros2-Prefix.pch";
				INFOPLIST_FILE = "$(SRCROOT)/SnoBros2/Support/SnoBros2-Info.plist";
				IPHONEOS_DEPLOYMENT_TARGET = 5.0;
				PRODUCT_NAME = SnoBros2;
				TARGETED_DEVICE_FAMILY = 1;
				WRAPPER_EXTENSION = app;
			};
			name = Debug;
		};
		A3BD0CC81642EC8B007AEB08 /* Release */ = {
			isa = XCBuildConfiguration;
			buildSettings = {
				GCC_PRECOMPILE_PREFIX_HEADER = YES;
				GCC_PREFIX_HEADER = "SnoBros2/Support/SnoBros2-Prefix.pch";
				INFOPLIST_FILE = "$(SRCROOT)/SnoBros2/Support/SnoBros2-Info.plist";
				IPHONEOS_DEPLOYMENT_TARGET = 5.0;
				PRODUCT_NAME = SnoBros2;
				TARGETED_DEVICE_FAMILY = 1;
				WRAPPER_EXTENSION = app;
			};
			name = Release;
		};
/* End XCBuildConfiguration section */

/* Begin XCConfigurationList section */
		A374CB2A166E64DB00286090 /* Build configuration list for PBXNativeTarget "KiwiUnitTest" */ = {
			isa = XCConfigurationList;
			buildConfigurations = (
				A374CB2B166E64DB00286090 /* Debug */,
				A374CB2C166E64DB00286090 /* Release */,
			);
			defaultConfigurationIsVisible = 0;
			defaultConfigurationName = Debug;
		};
		A3BD0C8D1642EC8B007AEB08 /* Build configuration list for PBXProject "SnoBros2" */ = {
			isa = XCConfigurationList;
			buildConfigurations = (
				A3BD0CC41642EC8B007AEB08 /* Debug */,
				A3BD0CC51642EC8B007AEB08 /* Release */,
			);
			defaultConfigurationIsVisible = 0;
			defaultConfigurationName = Debug;
		};
		A3BD0CC61642EC8B007AEB08 /* Build configuration list for PBXNativeTarget "SnoBros2" */ = {
			isa = XCConfigurationList;
			buildConfigurations = (
				A3BD0CC71642EC8B007AEB08 /* Debug */,
				A3BD0CC81642EC8B007AEB08 /* Release */,
			);
			defaultConfigurationIsVisible = 0;
			defaultConfigurationName = Debug;
		};
/* End XCConfigurationList section */
	};
	rootObject = A3BD0C8A1642EC8B007AEB08 /* Project object */;
}
